
Microsoft Visual Studio Solution File, Format Version 12.00
# Visual Studio Version 17
VisualStudioVersion = 17.5.002.0
MinimumVisualStudioVersion = 10.0.40219.1
Project("{9A19103F-16F7-4668-BE54-9A1E7A4F7556}") = "HsgSensorMonitor", "HsgSensorMonitor.csproj", "{1B20D610-27FD-41A8-B5D7-2F3199F8D7E7}"
EndProject
Global
	GlobalSection(SolutionConfigurationPlatforms) = preSolution
		Debug|Any CPU = Debug|Any CPU
		Release|Any CPU = Release|Any CPU
	EndGlobalSection
	GlobalSection(ProjectConfigurationPlatforms) = postSolution
		{1B20D610-27FD-41A8-B5D7-2F3199F8D7E7}.Debug|Any CPU.ActiveCfg = Debug|Any CPU
		{1B20D610-27FD-41A8-B5D7-2F3199F8D7E7}.Debug|Any CPU.Build.0 = Debug|Any CPU
		{1B20D610-27FD-41A8-B5D7-2F3199F8D7E7}.Release|Any CPU.ActiveCfg = Release|Any CPU
		{1B20D610-27FD-41A8-B5D7-2F3199F8D7E7}.Release|Any CPU.Build.0 = Release|Any CPU
	EndGlobalSection
	GlobalSection(SolutionProperties) = preSolution
		HideSolutionNode = FALSE
	EndGlobalSection
	GlobalSection(ExtensibilityGlobals) = postSolution
		SolutionGuid = {266E3F49-4D99-4F62-9CA7-26976B0708C9}
	EndGlobalSection
EndGlobal
